
Microsoft Visual Studio Solution File, Format Version 12.00
# Visual Studio 15
VisualStudioVersion = 15.0.27428.2037
MinimumVisualStudioVersion = 10.0.40219.1
Project("{8BC9CEB8-8B4A-11D0-8D11-00A0C91BC942}") = "TKOM-proj", "TKOM-proj\TKOM-proj.vcxproj", "{7771A6DA-AF9C-41B3-A7F8-C9759976FC2A}"
EndProject
Project("{8BC9CEB8-8B4A-11D0-8D11-00A0C91BC942}") = "Tests", "Tests\Tests.vcxproj", "{38DF4C2B-2196-4DE3-B91D-76F2F98104A6}"
EndProject
Global
	GlobalSection(SolutionConfigurationPlatforms) = preSolution
		Debug|x64 = Debug|x64
		Debug|x86 = Debug|x86
		Release|x64 = Release|x64
		Release|x86 = Release|x86
	EndGlobalSection
	GlobalSection(ProjectConfigurationPlatforms) = postSolution
		{7771A6DA-AF9C-41B3-A7F8-C9759976FC2A}.Debug|x64.ActiveCfg = Debug|x64
		{7771A6DA-AF9C-41B3-A7F8-C9759976FC2A}.Debug|x64.Build.0 = Debug|x64
		{7771A6DA-AF9C-41B3-A7F8-C9759976FC2A}.Debug|x86.ActiveCfg = Debug|Win32
		{7771A6DA-AF9C-41B3-A7F8-C9759976FC2A}.Debug|x86.Build.0 = Debug|Win32
		{7771A6DA-AF9C-41B3-A7F8-C9759976FC2A}.Release|x64.ActiveCfg = Release|x64
		{7771A6DA-AF9C-41B3-A7F8-C9759976FC2A}.Release|x64.Build.0 = Release|x64
		{7771A6DA-AF9C-41B3-A7F8-C9759976FC2A}.Release|x86.ActiveCfg = Release|Win32
		{7771A6DA-AF9C-41B3-A7F8-C9759976FC2A}.Release|x86.Build.0 = Release|Win32
		{38DF4C2B-2196-4DE3-B91D-76F2F98104A6}.Debug|x64.ActiveCfg = Debug|x64
		{38DF4C2B-2196-4DE3-B91D-76F2F98104A6}.Debug|x64.Build.0 = Debug|x64
		{38DF4C2B-2196-4DE3-B91D-76F2F98104A6}.Debug|x86.ActiveCfg = Debug|Win32
		{38DF4C2B-2196-4DE3-B91D-76F2F98104A6}.Debug|x86.Build.0 = Debug|Win32
		{38DF4C2B-2196-4DE3-B91D-76F2F98104A6}.Release|x64.ActiveCfg = Release|x64
		{38DF4C2B-2196-4DE3-B91D-76F2F98104A6}.Release|x64.Build.0 = Release|x64
		{38DF4C2B-2196-4DE3-B91D-76F2F98104A6}.Release|x86.ActiveCfg = Release|Win32
		{38DF4C2B-2196-4DE3-B91D-76F2F98104A6}.Release|x86.Build.0 = Release|Win32
	EndGlobalSection
	GlobalSection(SolutionProperties) = preSolution
		HideSolutionNode = FALSE
	EndGlobalSection
	GlobalSection(ExtensibilityGlobals) = postSolution
		SolutionGuid = {BC7C33BD-DEBC-4494-88B8-D9E3DA482956}
	EndGlobalSection
EndGlobal
